
Microsoft Visual Studio Solution File, Format Version 12.00
# Visual Studio 15
VisualStudioVersion = 15.0.28307.1585
MinimumVisualStudioVersion = 10.0.40219.1
Project("{8BC9CEB8-8B4A-11D0-8D11-00A0C91BC942}") = "qtnamespace", "qtnamespace\qtnamespace.vcxproj", "{55D10876-FDFA-4E62-BF08-B4454270509F}"
EndProject
Global
	GlobalSection(SolutionConfigurationPlatforms) = preSolution
		Debug|x64 = Debug|x64
		Release|x64 = Release|x64
	EndGlobalSection
	GlobalSection(ProjectConfigurationPlatforms) = postSolution
		{55D10876-FDFA-4E62-BF08-B4454270509F}.Debug|x64.ActiveCfg = Debug|x64
		{55D10876-FDFA-4E62-BF08-B4454270509F}.Debug|x64.Build.0 = Debug|x64
		{55D10876-FDFA-4E62-BF08-B4454270509F}.Release|x64.ActiveCfg = Release|x64
		{55D10876-FDFA-4E62-BF08-B4454270509F}.Release|x64.Build.0 = Release|x64
	EndGlobalSection
	GlobalSection(SolutionProperties) = preSolution
		HideSolutionNode = FALSE
	EndGlobalSection
	GlobalSection(ExtensibilityGlobals) = postSolution
		SolutionGuid = {D8EC4130-B212-492A-8FD6-1300AEBFE5ED}
	EndGlobalSection
EndGlobal
