
Microsoft Visual Studio Solution File, Format Version 12.00
# Visual Studio 15
VisualStudioVersion = 15.0.28307.1585
MinimumVisualStudioVersion = 10.0.40219.1
Project("{8BC9CEB8-8B4A-11D0-8D11-00A0C91BC942}") = "demo01", "demo01\demo01.vcxproj", "{83F1495A-45D5-4B72-B8FA-9110A20CCE5E}"
EndProject
Global
	GlobalSection(SolutionConfigurationPlatforms) = preSolution
		Debug|x64 = Debug|x64
		Debug|x86 = Debug|x86
	EndGlobalSection
	GlobalSection(ProjectConfigurationPlatforms) = postSolution
		{83F1495A-45D5-4B72-B8FA-9110A20CCE5E}.Debug|x64.ActiveCfg = Debug|x64
		{83F1495A-45D5-4B72-B8FA-9110A20CCE5E}.Debug|x64.Build.0 = Debug|x64
		{83F1495A-45D5-4B72-B8FA-9110A20CCE5E}.Debug|x86.ActiveCfg = Debug|Win32
		{83F1495A-45D5-4B72-B8FA-9110A20CCE5E}.Debug|x86.Build.0 = Debug|Win32
	EndGlobalSection
	GlobalSection(SolutionProperties) = preSolution
		HideSolutionNode = FALSE
	EndGlobalSection
	GlobalSection(ExtensibilityGlobals) = postSolution
		SolutionGuid = {685DAE64-2643-4269-9EBD-EEEB5F541CD0}
	EndGlobalSection
EndGlobal
