
Microsoft Visual Studio Solution File, Format Version 12.00
# Visual Studio 15
VisualStudioVersion = 15.0.28307.1585
MinimumVisualStudioVersion = 10.0.40219.1
Project("{8BC9CEB8-8B4A-11D0-8D11-00A0C91BC942}") = "demo01", "demo01\demo01.vcxproj", "{731A8ACF-4DA8-4E01-B9DC-491F94C4F234}"
EndProject
Global
	GlobalSection(SolutionConfigurationPlatforms) = preSolution
		Debug|x64 = Debug|x64
		Release|x64 = Release|x64
	EndGlobalSection
	GlobalSection(ProjectConfigurationPlatforms) = postSolution
		{731A8ACF-4DA8-4E01-B9DC-491F94C4F234}.Debug|x64.ActiveCfg = Debug|x64
		{731A8ACF-4DA8-4E01-B9DC-491F94C4F234}.Debug|x64.Build.0 = Debug|x64
		{731A8ACF-4DA8-4E01-B9DC-491F94C4F234}.Release|x64.ActiveCfg = Release|x64
		{731A8ACF-4DA8-4E01-B9DC-491F94C4F234}.Release|x64.Build.0 = Release|x64
	EndGlobalSection
	GlobalSection(SolutionProperties) = preSolution
		HideSolutionNode = FALSE
	EndGlobalSection
	GlobalSection(ExtensibilityGlobals) = postSolution
		SolutionGuid = {B0C15DBC-0F45-436D-A594-98DD9A3BAD92}
	EndGlobalSection
EndGlobal
